
Microsoft Visual Studio Solution File, Format Version 12.00
# Visual Studio Version 17
VisualStudioVersion = 17.5.33414.496
MinimumVisualStudioVersion = 10.0.40219.1
Project("{FAE04EC0-301F-11D3-BF4B-00C04F79EFBC}") = "TP_MOD4_1302213062_SE4502", "TP_MOD4_1302213062_SE4502\TP_MOD4_1302213062_SE4502.csproj", "{AED3343D-F9AE-4ECA-BEBC-7B708E7B8BD5}"
EndProject
Global
	GlobalSection(SolutionConfigurationPlatforms) = preSolution
		Debug|Any CPU = Debug|Any CPU
		Release|Any CPU = Release|Any CPU
	EndGlobalSection
	GlobalSection(ProjectConfigurationPlatforms) = postSolution
		{AED3343D-F9AE-4ECA-BEBC-7B708E7B8BD5}.Debug|Any CPU.ActiveCfg = Debug|Any CPU
		{AED3343D-F9AE-4ECA-BEBC-7B708E7B8BD5}.Debug|Any CPU.Build.0 = Debug|Any CPU
		{AED3343D-F9AE-4ECA-BEBC-7B708E7B8BD5}.Release|Any CPU.ActiveCfg = Release|Any CPU
		{AED3343D-F9AE-4ECA-BEBC-7B708E7B8BD5}.Release|Any CPU.Build.0 = Release|Any CPU
	EndGlobalSection
	GlobalSection(SolutionProperties) = preSolution
		HideSolutionNode = FALSE
	EndGlobalSection
	GlobalSection(ExtensibilityGlobals) = postSolution
		SolutionGuid = {C24F35DA-5A92-4606-BB07-71DDD6EAC5D2}
	EndGlobalSection
EndGlobal
